<?xml version="1.0" encoding="utf-8"?>
<Project ToolsVersion="4.0" xmlns="http://schemas.microsoft.com/developer/msbuild/2003">
  <ItemGroup>
    <ClCompile Include="main.cpp" />
    <ClCompile Include="templateFunctions\template_functions.cpp" />
    <ClCompile Include="helperFunctions\helper_functions.cpp" />
    <ClCompile Include="drawingObjects\draw_platforms.cpp" />
    <ClCompile Include="drawingObjects\draw_ladders.cpp" />
    <ClCompile Include="Mario\draw_mario.cpp" />
    <ClCompile Include="Mario\event_handling.cpp" />
    <ClCompile Include="startGame\start_game.cpp" />
    <ClCompile Include="LevelsBoards\board.cpp" />
    <ClCompile Include="Mario\get_mario_info.cpp" />
    <ClCompile Include="Mario\keyboard_events.cpp" />
    <ClCompile Include="Mario\check_if_mario_win.cpp" />
    <ClCompile Include="Interface\player_interface.cpp" />
    <ClCompile Include="Interface\initial_interface.cpp" />
  </ItemGroup>
  <ItemGroup>
    <ClInclude Include="functions_definitions.h" />
    <ClInclude Include="LevelsBoards\boards.h" />
    <ClInclude Include="Mario\mario.h" />
    <ClInclude Include="Interface\interface.h" />
  </ItemGroup>
  <ItemGroup>
    <Filter Include="template">
      <UniqueIdentifier>{9473e36c-597f-4057-b010-375a4c4b6c01}</UniqueIdentifier>
    </Filter>
  </ItemGroup>
</Project>