<?xml version="1.0" encoding="utf-8"?>
<Project ToolsVersion="4.0" xmlns="http://schemas.microsoft.com/developer/msbuild/2003">
  <ItemGroup>
    <ClCompile Include="main.cpp" />
    <ClCompile Include="templateFunctions\template_functions.cpp" />
    <ClCompile Include="helperFunctions\helper_functions.cpp" />
    <ClCompile Include="drawingObjects\draw_platforms.cpp" />
    <ClCompile Include="drawingObjects\draw_ladders.cpp" />
    <ClCompile Include="marioMovement\jumping.cpp" />
    <ClCompile Include="marioMovement\event_handling.cpp" />
    <ClCompile Include="startGame\start_game.cpp" />
    <ClCompile Include="LevelsBoards\board.cpp" />
    <ClCompile Include="marioMovement\get_mario_info.cpp" />
    <ClCompile Include="marioMovement\keyboard_events.cpp" />
  </ItemGroup>
  <ItemGroup>
    <ClInclude Include="functions_definitions.h" />
    <ClInclude Include="LevelsBoards\boards.h" />
  </ItemGroup>
  <ItemGroup>
    <Image Include="cs8x8.bmp" />
    <Image Include="eti.bmp" />
    <Image Include="mario_running_right.bmp" />
    <Image Include="king_kong.bmp" />
    <Image Include="mario_climbing.bmp" />
    <Image Include="mario_jumping_right.bmp" />
    <Image Include="mario_running_left.bmp" />
    <Image Include="mario_jumping_left.bmp" />
    <Image Include="rolling_barell.bmp" />
  </ItemGroup>
  <ItemGroup>
    <Filter Include="template">
      <UniqueIdentifier>{9473e36c-597f-4057-b010-375a4c4b6c01}</UniqueIdentifier>
    </Filter>
  </ItemGroup>
</Project>